
Microsoft Visual Studio Solution File, Format Version 12.00
# Visual Studio Version 17
VisualStudioVersion = 17.11.35303.130
MinimumVisualStudioVersion = 10.0.40219.1
Project("{FAE04EC0-301F-11D3-BF4B-00C04F79EFBC}") = "Program10", "Program10.csproj", "{C7BB8E9B-35B6-4B15-B277-A1E739E7A0B0}"
EndProject
Global
	GlobalSection(SolutionConfigurationPlatforms) = preSolution
		Debug|Any CPU = Debug|Any CPU
		Release|Any CPU = Release|Any CPU
	EndGlobalSection
	GlobalSection(ProjectConfigurationPlatforms) = postSolution
		{C7BB8E9B-35B6-4B15-B277-A1E739E7A0B0}.Debug|Any CPU.ActiveCfg = Debug|Any CPU
		{C7BB8E9B-35B6-4B15-B277-A1E739E7A0B0}.Debug|Any CPU.Build.0 = Debug|Any CPU
		{C7BB8E9B-35B6-4B15-B277-A1E739E7A0B0}.Release|Any CPU.ActiveCfg = Release|Any CPU
		{C7BB8E9B-35B6-4B15-B277-A1E739E7A0B0}.Release|Any CPU.Build.0 = Release|Any CPU
	EndGlobalSection
	GlobalSection(SolutionProperties) = preSolution
		HideSolutionNode = FALSE
	EndGlobalSection
	GlobalSection(ExtensibilityGlobals) = postSolution
		SolutionGuid = {DF897184-BAB6-4209-AB12-D6298846481B}
	EndGlobalSection
EndGlobal
